{
  "name": "abap-advent-2020-template",
  "version": "1.0.0",
  "lockfileVersion": 1,
  "requires": true,
  "dependencies": {
    "@abaplint/cli": {
      "version": "2.60.2",
      "resolved": "https://registry.npmjs.org/@abaplint/cli/-/cli-2.60.2.tgz",
      "integrity": "sha512-G7jWgWgt0EXiLlyvh9d0zdvrFQCImuEpX/c9hw0PoRKcL8yQvywexZOcjSgzOkQ60m7xoqLpKUqMlxGC39ygSQ=="
    },
    "@abaplint/runtime": {
      "version": "0.7.6",
      "resolved": "https://registry.npmjs.org/@abaplint/runtime/-/runtime-0.7.6.tgz",
      "integrity": "sha512-7MDxvsOf+JoPgBhsabNFcnRMvoZLLQrUe5+Byxb0xulz3++W/UTxXHvE9a6jxVwPWyJvIwYN0K2uzVmtlDe5kA=="
    },
    "@abaplint/transpiler-cli": {
      "version": "0.7.5",
      "resolved": "https://registry.npmjs.org/@abaplint/transpiler-cli/-/transpiler-cli-0.7.5.tgz",
      "integrity": "sha512-bfMyT2BdaslQfnuzbZxWfc6CtKsKICPBtAdxBf1yvrvje6Dkte6zMQDLHT6n4GeDoOWK97aOf2CGIdN6T3u/Sw=="
    }
  }
}
